
Microsoft Visual Studio Solution File, Format Version 12.00
# Visual Studio Version 17
VisualStudioVersion = 17.14.36518.9 d17.14
MinimumVisualStudioVersion = 10.0.40219.1
Project("{F184B08F-C81C-45F6-A57F-5ABD9991F28F}") = "MyBCCI", "MyBCCI.vbproj", "{AB125F1B-288E-4E5C-B97F-B57C660B698B}"
EndProject
Global
	GlobalSection(SolutionConfigurationPlatforms) = preSolution
		Debug|Any CPU = Debug|Any CPU
		Release|Any CPU = Release|Any CPU
	EndGlobalSection
	GlobalSection(ProjectConfigurationPlatforms) = postSolution
		{AB125F1B-288E-4E5C-B97F-B57C660B698B}.Debug|Any CPU.ActiveCfg = Debug|Any CPU
		{AB125F1B-288E-4E5C-B97F-B57C660B698B}.Debug|Any CPU.Build.0 = Debug|Any CPU
		{AB125F1B-288E-4E5C-B97F-B57C660B698B}.Release|Any CPU.ActiveCfg = Release|Any CPU
		{AB125F1B-288E-4E5C-B97F-B57C660B698B}.Release|Any CPU.Build.0 = Release|Any CPU
	EndGlobalSection
	GlobalSection(SolutionProperties) = preSolution
		HideSolutionNode = FALSE
	EndGlobalSection
	GlobalSection(ExtensibilityGlobals) = postSolution
		SolutionGuid = {77F8040C-B400-49EC-B5C7-1910E4F6BEA0}
	EndGlobalSection
EndGlobal
